
Microsoft Visual Studio Solution File, Format Version 12.00
# Visual Studio Version 18
VisualStudioVersion = 18.4.11605.240
MinimumVisualStudioVersion = 10.0.40219.1
Project("{2150E333-8FDC-42A3-9474-1A3956D46DE8}") = "Solution Items", "Solution Items", "{8D5F60A8-566A-4068-8B83-1BA48F66E60B}"
	ProjectSection(SolutionItems) = preProject
		.gitignore = .gitignore
		Improvements.md = Improvements.md
		README.md = README.md
		UNSUPPORTED.md = UNSUPPORTED.md
		version.json = version.json
		Yantra.md = Yantra.md
	EndProjectSection
EndProject
Project("{9A19103F-16F7-4668-BE54-9A1E7A4F7556}") = "JIntPerfTests", "OtherTests\JIntPerfTests\JIntPerfTests.csproj", "{75C8A8AC-7A81-46AE-AF4C-706BDC7AB6D6}"
EndProject
Project("{FAE04EC0-301F-11D3-BF4B-00C04F79EFBC}") = "Broiler.JavaScript.ExpressionCompiler", "Broiler.JavaScript.ExpressionCompiler\Broiler.JavaScript.ExpressionCompiler.csproj", "{0B8C110A-8B1B-41CD-88C9-D3317BD53F2B}"
EndProject
Project("{FAE04EC0-301F-11D3-BF4B-00C04F79EFBC}") = "Broiler.JavaScript.Ast", "Broiler.JavaScript.Ast\Broiler.JavaScript.Ast.csproj", "{C755D2E2-E26D-45A6-B6F6-8837873102A1}"
EndProject
Project("{FAE04EC0-301F-11D3-BF4B-00C04F79EFBC}") = "Broiler.JavaScript.Parser", "Broiler.JavaScript.Parser\Broiler.JavaScript.Parser.csproj", "{CF12EB27-8A66-44C9-A4B0-12F7D2C64352}"
EndProject
Project("{FAE04EC0-301F-11D3-BF4B-00C04F79EFBC}") = "Broiler.JavaScript.Storage", "Broiler.JavaScript.Storage\Broiler.JavaScript.Storage.csproj", "{7674B1F8-9387-407B-AE4F-44D3386B5311}"
EndProject
Project("{FAE04EC0-301F-11D3-BF4B-00C04F79EFBC}") = "Broiler.JavaScript.JSClassGenerator", "Broiler.JavaScript.JSClassGenerator\Broiler.JavaScript.JSClassGenerator.csproj", "{52F4B516-F2F4-41D7-9D2A-C78F05946C2E}"
EndProject
Project("{FAE04EC0-301F-11D3-BF4B-00C04F79EFBC}") = "Broiler.JavaScript.Debugger", "Broiler.JavaScript.Debugger\Broiler.JavaScript.Debugger.csproj", "{CBA1A13E-C57D-442D-A8E1-CD40BCA7C9EC}"
EndProject
Project("{FAE04EC0-301F-11D3-BF4B-00C04F79EFBC}") = "Broiler.JavaScript", "Broiler.JavaScript\Broiler.JavaScript.csproj", "{61CFDF7E-6924-452A-8D8E-0C1D397AA43A}"
EndProject
Project("{FAE04EC0-301F-11D3-BF4B-00C04F79EFBC}") = "Broiler.JavaScript.Network", "Broiler.JavaScript.Network\Broiler.JavaScript.Network.csproj", "{47967323-8D30-4FB3-BD20-5D4167420217}"
EndProject
Project("{FAE04EC0-301F-11D3-BF4B-00C04F79EFBC}") = "Broiler.JavaScript.NodePollyfill", "Broiler.JavaScript.NodePollyfill\Broiler.JavaScript.NodePollyfill.csproj", "{89D86863-B8AD-4B71-AEE0-1457355CDAA1}"
EndProject
Project("{FAE04EC0-301F-11D3-BF4B-00C04F79EFBC}") = "Broiler.JavaScript.ModuleExtensions", "Broiler.JavaScript.ModuleExtensions\Broiler.JavaScript.ModuleExtensions.csproj", "{E0510F5A-FB66-4922-9FDC-58A3A6613EBB}"
EndProject
Project("{2150E333-8FDC-42A3-9474-1A3956D46DE8}") = "OtherTests", "OtherTests", "{8CA59A59-8C38-3FBC-71BB-91FE4C8522D6}"
EndProject
Project("{FAE04EC0-301F-11D3-BF4B-00C04F79EFBC}") = "Broiler.JavaScript.Runtime", "Broiler.JavaScript.Runtime\Broiler.JavaScript.Runtime.csproj", "{3DD24E82-8A26-4148-9C4F-345813159065}"
EndProject
Project("{FAE04EC0-301F-11D3-BF4B-00C04F79EFBC}") = "Broiler.JavaScript.Clr", "Broiler.JavaScript.Clr\Broiler.JavaScript.Clr.csproj", "{88716440-6150-45D6-9DBE-248A6B54297A}"
EndProject
Project("{FAE04EC0-301F-11D3-BF4B-00C04F79EFBC}") = "Broiler.JavaScript.Compiler", "Broiler.JavaScript.Compiler\Broiler.JavaScript.Compiler.csproj", "{FA5C9862-07EA-46A4-96F0-FC8BB873DD27}"
EndProject
Project("{FAE04EC0-301F-11D3-BF4B-00C04F79EFBC}") = "Broiler.JavaScript.Modules", "Broiler.JavaScript.Modules\Broiler.JavaScript.Modules.csproj", "{DF05F181-1F65-415A-A1E0-FD06C7D61B9D}"
EndProject
Project("{FAE04EC0-301F-11D3-BF4B-00C04F79EFBC}") = "Broiler.JavaScript.BuiltIns", "Broiler.JavaScript.BuiltIns\Broiler.JavaScript.BuiltIns.csproj", "{4C9CDD4E-D055-48BB-AA5C-4C7703844446}"
EndProject
Project("{FAE04EC0-301F-11D3-BF4B-00C04F79EFBC}") = "Broiler.JavaScript.All", "Broiler.JavaScript.All\Broiler.JavaScript.All.csproj", "{376C40FF-CA8F-4C8E-9926-76128ABC10DB}"
EndProject
Project("{FAE04EC0-301F-11D3-BF4B-00C04F79EFBC}") = "Broiler.JavaScript.Storage.Tests", "Broiler.JavaScript.Storage.Tests\Broiler.JavaScript.Storage.Tests.csproj", "{CB9CED38-0C49-4553-BB9C-AA890C43036E}"
EndProject
Project("{FAE04EC0-301F-11D3-BF4B-00C04F79EFBC}") = "Broiler.JavaScript.Ast.Tests", "Broiler.JavaScript.Ast.Tests\Broiler.JavaScript.Ast.Tests.csproj", "{C3DB2A41-91E8-434B-B958-67A30F34786E}"
EndProject
Project("{FAE04EC0-301F-11D3-BF4B-00C04F79EFBC}") = "Broiler.JavaScript.Parser.Tests", "Broiler.JavaScript.Parser.Tests\Broiler.JavaScript.Parser.Tests.csproj", "{8D04825E-2DDE-453D-9CB9-FD1380A779FA}"
EndProject
Project("{FAE04EC0-301F-11D3-BF4B-00C04F79EFBC}") = "Broiler.JavaScript.Runtime.Tests", "Broiler.JavaScript.Runtime.Tests\Broiler.JavaScript.Runtime.Tests.csproj", "{6226B913-7134-42D9-AD59-F15A4718922F}"
EndProject
Project("{FAE04EC0-301F-11D3-BF4B-00C04F79EFBC}") = "Broiler.JavaScript.Core.Tests", "Broiler.JavaScript.Core.Tests\Broiler.JavaScript.Core.Tests.csproj", "{D07CD0D5-2FFE-49FF-B773-3E61522C38D8}"
EndProject
Project("{FAE04EC0-301F-11D3-BF4B-00C04F79EFBC}") = "Broiler.JavaScript.Compiler.Tests", "Broiler.JavaScript.Compiler.Tests\Broiler.JavaScript.Compiler.Tests.csproj", "{2CCEC8C1-154D-4460-9296-33ECE11F09C8}"
EndProject
Project("{FAE04EC0-301F-11D3-BF4B-00C04F79EFBC}") = "Broiler.JavaScript.BuiltIns.Tests", "Broiler.JavaScript.BuiltIns.Tests\Broiler.JavaScript.BuiltIns.Tests.csproj", "{6C51BFD2-4F0E-418F-A119-89AB977D0F54}"
EndProject
Project("{FAE04EC0-301F-11D3-BF4B-00C04F79EFBC}") = "Broiler.JavaScript.Clr.Tests", "Broiler.JavaScript.Clr.Tests\Broiler.JavaScript.Clr.Tests.csproj", "{EDD21376-B17D-45D1-9D59-B38F2B61A8C5}"
EndProject
Project("{FAE04EC0-301F-11D3-BF4B-00C04F79EFBC}") = "Broiler.JavaScript.Debugger.Tests", "Broiler.JavaScript.Debugger.Tests\Broiler.JavaScript.Debugger.Tests.csproj", "{3752E53C-F67C-45A7-9235-B836A4B7E8E8}"
EndProject
Project("{FAE04EC0-301F-11D3-BF4B-00C04F79EFBC}") = "Broiler.JavaScript.Modules.Tests", "Broiler.JavaScript.Modules.Tests\Broiler.JavaScript.Modules.Tests.csproj", "{18474635-489C-450F-B6F3-350A5E098AFE}"
EndProject
Project("{FAE04EC0-301F-11D3-BF4B-00C04F79EFBC}") = "Broiler.JavaScript.ModuleExtensions.Tests", "Broiler.JavaScript.ModuleExtensions.Tests\Broiler.JavaScript.ModuleExtensions.Tests.csproj", "{086AECD6-105F-4E5C-99D3-7197F4F07D40}"
EndProject
Project("{FAE04EC0-301F-11D3-BF4B-00C04F79EFBC}") = "Broiler.JavaScript.Integration.Tests", "Broiler.JavaScript.Integration.Tests\Broiler.JavaScript.Integration.Tests.csproj", "{F218DDD5-CEC0-4350-973F-B291C0A9CC96}"
EndProject
Project("{FAE04EC0-301F-11D3-BF4B-00C04F79EFBC}") = "Broiler.JavaScript.Extensions", "Broiler.JavaScript.Extensions\Broiler.JavaScript.Extensions.csproj", "{8AAAF6DB-ACD0-4394-B351-A6628815131E}"
EndProject
Project("{FAE04EC0-301F-11D3-BF4B-00C04F79EFBC}") = "Broiler.JavaScript.Globals", "Broiler.JavaScript.Globals\Broiler.JavaScript.Globals.csproj", "{48BC7D2B-DE11-49ED-AF28-DD9B9C19709F}"
EndProject
Project("{FAE04EC0-301F-11D3-BF4B-00C04F79EFBC}") = "Broiler.JavaScript.Engine", "Broiler.JavaScript.Engine\Broiler.JavaScript.Engine.csproj", "{A0118A73-9363-42C4-B727-D3E0457BB262}"
EndProject
Project("{FAE04EC0-301F-11D3-BF4B-00C04F79EFBC}") = "Broiler.JavaScript.LinqExpressions", "Broiler.JavaScript.LinqExpressions\Broiler.JavaScript.LinqExpressions.csproj", "{521B750D-7463-4104-9B2A-80B404E5D4C9}"
EndProject
Global
	GlobalSection(SolutionConfigurationPlatforms) = preSolution
		Debug|Any CPU = Debug|Any CPU
		Debug|x64 = Debug|x64
		Debug|x86 = Debug|x86
		Release|Any CPU = Release|Any CPU
		Release|x64 = Release|x64
		Release|x86 = Release|x86
	EndGlobalSection
	GlobalSection(ProjectConfigurationPlatforms) = postSolution
		{75C8A8AC-7A81-46AE-AF4C-706BDC7AB6D6}.Debug|Any CPU.ActiveCfg = Debug|Any CPU
		{75C8A8AC-7A81-46AE-AF4C-706BDC7AB6D6}.Debug|Any CPU.Build.0 = Debug|Any CPU
		{75C8A8AC-7A81-46AE-AF4C-706BDC7AB6D6}.Debug|x64.ActiveCfg = Debug|Any CPU
		{75C8A8AC-7A81-46AE-AF4C-706BDC7AB6D6}.Debug|x64.Build.0 = Debug|Any CPU
		{75C8A8AC-7A81-46AE-AF4C-706BDC7AB6D6}.Debug|x86.ActiveCfg = Debug|Any CPU
		{75C8A8AC-7A81-46AE-AF4C-706BDC7AB6D6}.Debug|x86.Build.0 = Debug|Any CPU
		{75C8A8AC-7A81-46AE-AF4C-706BDC7AB6D6}.Release|Any CPU.ActiveCfg = Release|Any CPU
		{75C8A8AC-7A81-46AE-AF4C-706BDC7AB6D6}.Release|Any CPU.Build.0 = Release|Any CPU
		{75C8A8AC-7A81-46AE-AF4C-706BDC7AB6D6}.Release|x64.ActiveCfg = Release|Any CPU
		{75C8A8AC-7A81-46AE-AF4C-706BDC7AB6D6}.Release|x64.Build.0 = Release|Any CPU
		{75C8A8AC-7A81-46AE-AF4C-706BDC7AB6D6}.Release|x86.ActiveCfg = Release|Any CPU
		{75C8A8AC-7A81-46AE-AF4C-706BDC7AB6D6}.Release|x86.Build.0 = Release|Any CPU
		{0B8C110A-8B1B-41CD-88C9-D3317BD53F2B}.Debug|Any CPU.ActiveCfg = Debug|Any CPU
		{0B8C110A-8B1B-41CD-88C9-D3317BD53F2B}.Debug|Any CPU.Build.0 = Debug|Any CPU
		{0B8C110A-8B1B-41CD-88C9-D3317BD53F2B}.Debug|x64.ActiveCfg = Debug|Any CPU
		{0B8C110A-8B1B-41CD-88C9-D3317BD53F2B}.Debug|x64.Build.0 = Debug|Any CPU
		{0B8C110A-8B1B-41CD-88C9-D3317BD53F2B}.Debug|x86.ActiveCfg = Debug|Any CPU
		{0B8C110A-8B1B-41CD-88C9-D3317BD53F2B}.Debug|x86.Build.0 = Debug|Any CPU
		{0B8C110A-8B1B-41CD-88C9-D3317BD53F2B}.Release|Any CPU.ActiveCfg = Release|Any CPU
		{0B8C110A-8B1B-41CD-88C9-D3317BD53F2B}.Release|Any CPU.Build.0 = Release|Any CPU
		{0B8C110A-8B1B-41CD-88C9-D3317BD53F2B}.Release|x64.ActiveCfg = Release|Any CPU
		{0B8C110A-8B1B-41CD-88C9-D3317BD53F2B}.Release|x64.Build.0 = Release|Any CPU
		{0B8C110A-8B1B-41CD-88C9-D3317BD53F2B}.Release|x86.ActiveCfg = Release|Any CPU
		{0B8C110A-8B1B-41CD-88C9-D3317BD53F2B}.Release|x86.Build.0 = Release|Any CPU
		{C755D2E2-E26D-45A6-B6F6-8837873102A1}.Debug|Any CPU.ActiveCfg = Debug|Any CPU
		{C755D2E2-E26D-45A6-B6F6-8837873102A1}.Debug|Any CPU.Build.0 = Debug|Any CPU
		{C755D2E2-E26D-45A6-B6F6-8837873102A1}.Debug|x64.ActiveCfg = Debug|Any CPU
		{C755D2E2-E26D-45A6-B6F6-8837873102A1}.Debug|x64.Build.0 = Debug|Any CPU
		{C755D2E2-E26D-45A6-B6F6-8837873102A1}.Debug|x86.ActiveCfg = Debug|Any CPU
		{C755D2E2-E26D-45A6-B6F6-8837873102A1}.Debug|x86.Build.0 = Debug|Any CPU
		{C755D2E2-E26D-45A6-B6F6-8837873102A1}.Release|Any CPU.ActiveCfg = Release|Any CPU
		{C755D2E2-E26D-45A6-B6F6-8837873102A1}.Release|Any CPU.Build.0 = Release|Any CPU
		{C755D2E2-E26D-45A6-B6F6-8837873102A1}.Release|x64.ActiveCfg = Release|Any CPU
		{C755D2E2-E26D-45A6-B6F6-8837873102A1}.Release|x64.Build.0 = Release|Any CPU
		{C755D2E2-E26D-45A6-B6F6-8837873102A1}.Release|x86.ActiveCfg = Release|Any CPU
		{C755D2E2-E26D-45A6-B6F6-8837873102A1}.Release|x86.Build.0 = Release|Any CPU
		{CF12EB27-8A66-44C9-A4B0-12F7D2C64352}.Debug|Any CPU.ActiveCfg = Debug|Any CPU
		{CF12EB27-8A66-44C9-A4B0-12F7D2C64352}.Debug|Any CPU.Build.0 = Debug|Any CPU
		{CF12EB27-8A66-44C9-A4B0-12F7D2C64352}.Debug|x64.ActiveCfg = Debug|Any CPU
		{CF12EB27-8A66-44C9-A4B0-12F7D2C64352}.Debug|x64.Build.0 = Debug|Any CPU
		{CF12EB27-8A66-44C9-A4B0-12F7D2C64352}.Debug|x86.ActiveCfg = Debug|Any CPU
		{CF12EB27-8A66-44C9-A4B0-12F7D2C64352}.Debug|x86.Build.0 = Debug|Any CPU
		{CF12EB27-8A66-44C9-A4B0-12F7D2C64352}.Release|Any CPU.ActiveCfg = Release|Any CPU
		{CF12EB27-8A66-44C9-A4B0-12F7D2C64352}.Release|Any CPU.Build.0 = Release|Any CPU
		{CF12EB27-8A66-44C9-A4B0-12F7D2C64352}.Release|x64.ActiveCfg = Release|Any CPU
		{CF12EB27-8A66-44C9-A4B0-12F7D2C64352}.Release|x64.Build.0 = Release|Any CPU
		{CF12EB27-8A66-44C9-A4B0-12F7D2C64352}.Release|x86.ActiveCfg = Release|Any CPU
		{CF12EB27-8A66-44C9-A4B0-12F7D2C64352}.Release|x86.Build.0 = Release|Any CPU
		{7674B1F8-9387-407B-AE4F-44D3386B5311}.Debug|Any CPU.ActiveCfg = Debug|Any CPU
		{7674B1F8-9387-407B-AE4F-44D3386B5311}.Debug|Any CPU.Build.0 = Debug|Any CPU
		{7674B1F8-9387-407B-AE4F-44D3386B5311}.Debug|x64.ActiveCfg = Debug|Any CPU
		{7674B1F8-9387-407B-AE4F-44D3386B5311}.Debug|x64.Build.0 = Debug|Any CPU
		{7674B1F8-9387-407B-AE4F-44D3386B5311}.Debug|x86.ActiveCfg = Debug|Any CPU
		{7674B1F8-9387-407B-AE4F-44D3386B5311}.Debug|x86.Build.0 = Debug|Any CPU
		{7674B1F8-9387-407B-AE4F-44D3386B5311}.Release|Any CPU.ActiveCfg = Release|Any CPU
		{7674B1F8-9387-407B-AE4F-44D3386B5311}.Release|Any CPU.Build.0 = Release|Any CPU
		{7674B1F8-9387-407B-AE4F-44D3386B5311}.Release|x64.ActiveCfg = Release|Any CPU
		{7674B1F8-9387-407B-AE4F-44D3386B5311}.Release|x64.Build.0 = Release|Any CPU
		{7674B1F8-9387-407B-AE4F-44D3386B5311}.Release|x86.ActiveCfg = Release|Any CPU
		{7674B1F8-9387-407B-AE4F-44D3386B5311}.Release|x86.Build.0 = Release|Any CPU
		{52F4B516-F2F4-41D7-9D2A-C78F05946C2E}.Debug|Any CPU.ActiveCfg = Debug|Any CPU
		{52F4B516-F2F4-41D7-9D2A-C78F05946C2E}.Debug|Any CPU.Build.0 = Debug|Any CPU
		{52F4B516-F2F4-41D7-9D2A-C78F05946C2E}.Debug|x64.ActiveCfg = Debug|Any CPU
		{52F4B516-F2F4-41D7-9D2A-C78F05946C2E}.Debug|x64.Build.0 = Debug|Any CPU
		{52F4B516-F2F4-41D7-9D2A-C78F05946C2E}.Debug|x86.ActiveCfg = Debug|Any CPU
		{52F4B516-F2F4-41D7-9D2A-C78F05946C2E}.Debug|x86.Build.0 = Debug|Any CPU
		{52F4B516-F2F4-41D7-9D2A-C78F05946C2E}.Release|Any CPU.ActiveCfg = Release|Any CPU
		{52F4B516-F2F4-41D7-9D2A-C78F05946C2E}.Release|Any CPU.Build.0 = Release|Any CPU
		{52F4B516-F2F4-41D7-9D2A-C78F05946C2E}.Release|x64.ActiveCfg = Release|Any CPU
		{52F4B516-F2F4-41D7-9D2A-C78F05946C2E}.Release|x64.Build.0 = Release|Any CPU
		{52F4B516-F2F4-41D7-9D2A-C78F05946C2E}.Release|x86.ActiveCfg = Release|Any CPU
		{52F4B516-F2F4-41D7-9D2A-C78F05946C2E}.Release|x86.Build.0 = Release|Any CPU
		{CBA1A13E-C57D-442D-A8E1-CD40BCA7C9EC}.Debug|Any CPU.ActiveCfg = Debug|Any CPU
		{CBA1A13E-C57D-442D-A8E1-CD40BCA7C9EC}.Debug|Any CPU.Build.0 = Debug|Any CPU
		{CBA1A13E-C57D-442D-A8E1-CD40BCA7C9EC}.Debug|x64.ActiveCfg = Debug|Any CPU
		{CBA1A13E-C57D-442D-A8E1-CD40BCA7C9EC}.Debug|x64.Build.0 = Debug|Any CPU
		{CBA1A13E-C57D-442D-A8E1-CD40BCA7C9EC}.Debug|x86.ActiveCfg = Debug|Any CPU
		{CBA1A13E-C57D-442D-A8E1-CD40BCA7C9EC}.Debug|x86.Build.0 = Debug|Any CPU
		{CBA1A13E-C57D-442D-A8E1-CD40BCA7C9EC}.Release|Any CPU.ActiveCfg = Release|Any CPU
		{CBA1A13E-C57D-442D-A8E1-CD40BCA7C9EC}.Release|Any CPU.Build.0 = Release|Any CPU
		{CBA1A13E-C57D-442D-A8E1-CD40BCA7C9EC}.Release|x64.ActiveCfg = Release|Any CPU
		{CBA1A13E-C57D-442D-A8E1-CD40BCA7C9EC}.Release|x64.Build.0 = Release|Any CPU
		{CBA1A13E-C57D-442D-A8E1-CD40BCA7C9EC}.Release|x86.ActiveCfg = Release|Any CPU
		{CBA1A13E-C57D-442D-A8E1-CD40BCA7C9EC}.Release|x86.Build.0 = Release|Any CPU
		{61CFDF7E-6924-452A-8D8E-0C1D397AA43A}.Debug|Any CPU.ActiveCfg = Debug|Any CPU
		{61CFDF7E-6924-452A-8D8E-0C1D397AA43A}.Debug|Any CPU.Build.0 = Debug|Any CPU
		{61CFDF7E-6924-452A-8D8E-0C1D397AA43A}.Debug|x64.ActiveCfg = Debug|Any CPU
		{61CFDF7E-6924-452A-8D8E-0C1D397AA43A}.Debug|x64.Build.0 = Debug|Any CPU
		{61CFDF7E-6924-452A-8D8E-0C1D397AA43A}.Debug|x86.ActiveCfg = Debug|Any CPU
		{61CFDF7E-6924-452A-8D8E-0C1D397AA43A}.Debug|x86.Build.0 = Debug|Any CPU
		{61CFDF7E-6924-452A-8D8E-0C1D397AA43A}.Release|Any CPU.ActiveCfg = Release|Any CPU
		{61CFDF7E-6924-452A-8D8E-0C1D397AA43A}.Release|Any CPU.Build.0 = Release|Any CPU
		{61CFDF7E-6924-452A-8D8E-0C1D397AA43A}.Release|x64.ActiveCfg = Release|Any CPU
		{61CFDF7E-6924-452A-8D8E-0C1D397AA43A}.Release|x64.Build.0 = Release|Any CPU
		{61CFDF7E-6924-452A-8D8E-0C1D397AA43A}.Release|x86.ActiveCfg = Release|Any CPU
		{61CFDF7E-6924-452A-8D8E-0C1D397AA43A}.Release|x86.Build.0 = Release|Any CPU
		{47967323-8D30-4FB3-BD20-5D4167420217}.Debug|Any CPU.ActiveCfg = Debug|Any CPU
		{47967323-8D30-4FB3-BD20-5D4167420217}.Debug|Any CPU.Build.0 = Debug|Any CPU
		{47967323-8D30-4FB3-BD20-5D4167420217}.Debug|x64.ActiveCfg = Debug|Any CPU
		{47967323-8D30-4FB3-BD20-5D4167420217}.Debug|x64.Build.0 = Debug|Any CPU
		{47967323-8D30-4FB3-BD20-5D4167420217}.Debug|x86.ActiveCfg = Debug|Any CPU
		{47967323-8D30-4FB3-BD20-5D4167420217}.Debug|x86.Build.0 = Debug|Any CPU
		{47967323-8D30-4FB3-BD20-5D4167420217}.Release|Any CPU.ActiveCfg = Release|Any CPU
		{47967323-8D30-4FB3-BD20-5D4167420217}.Release|Any CPU.Build.0 = Release|Any CPU
		{47967323-8D30-4FB3-BD20-5D4167420217}.Release|x64.ActiveCfg = Release|Any CPU
		{47967323-8D30-4FB3-BD20-5D4167420217}.Release|x64.Build.0 = Release|Any CPU
		{47967323-8D30-4FB3-BD20-5D4167420217}.Release|x86.ActiveCfg = Release|Any CPU
		{47967323-8D30-4FB3-BD20-5D4167420217}.Release|x86.Build.0 = Release|Any CPU
		{89D86863-B8AD-4B71-AEE0-1457355CDAA1}.Debug|Any CPU.ActiveCfg = Debug|Any CPU
		{89D86863-B8AD-4B71-AEE0-1457355CDAA1}.Debug|Any CPU.Build.0 = Debug|Any CPU
		{89D86863-B8AD-4B71-AEE0-1457355CDAA1}.Debug|x64.ActiveCfg = Debug|Any CPU
		{89D86863-B8AD-4B71-AEE0-1457355CDAA1}.Debug|x64.Build.0 = Debug|Any CPU
		{89D86863-B8AD-4B71-AEE0-1457355CDAA1}.Debug|x86.ActiveCfg = Debug|Any CPU
		{89D86863-B8AD-4B71-AEE0-1457355CDAA1}.Debug|x86.Build.0 = Debug|Any CPU
		{89D86863-B8AD-4B71-AEE0-1457355CDAA1}.Release|Any CPU.ActiveCfg = Release|Any CPU
		{89D86863-B8AD-4B71-AEE0-1457355CDAA1}.Release|Any CPU.Build.0 = Release|Any CPU
		{89D86863-B8AD-4B71-AEE0-1457355CDAA1}.Release|x64.ActiveCfg = Release|Any CPU
		{89D86863-B8AD-4B71-AEE0-1457355CDAA1}.Release|x64.Build.0 = Release|Any CPU
		{89D86863-B8AD-4B71-AEE0-1457355CDAA1}.Release|x86.ActiveCfg = Release|Any CPU
		{89D86863-B8AD-4B71-AEE0-1457355CDAA1}.Release|x86.Build.0 = Release|Any CPU
		{E0510F5A-FB66-4922-9FDC-58A3A6613EBB}.Debug|Any CPU.ActiveCfg = Debug|Any CPU
		{E0510F5A-FB66-4922-9FDC-58A3A6613EBB}.Debug|Any CPU.Build.0 = Debug|Any CPU
		{E0510F5A-FB66-4922-9FDC-58A3A6613EBB}.Debug|x64.ActiveCfg = Debug|Any CPU
		{E0510F5A-FB66-4922-9FDC-58A3A6613EBB}.Debug|x64.Build.0 = Debug|Any CPU
		{E0510F5A-FB66-4922-9FDC-58A3A6613EBB}.Debug|x86.ActiveCfg = Debug|Any CPU
		{E0510F5A-FB66-4922-9FDC-58A3A6613EBB}.Debug|x86.Build.0 = Debug|Any CPU
		{E0510F5A-FB66-4922-9FDC-58A3A6613EBB}.Release|Any CPU.ActiveCfg = Release|Any CPU
		{E0510F5A-FB66-4922-9FDC-58A3A6613EBB}.Release|Any CPU.Build.0 = Release|Any CPU
		{E0510F5A-FB66-4922-9FDC-58A3A6613EBB}.Release|x64.ActiveCfg = Release|Any CPU
		{E0510F5A-FB66-4922-9FDC-58A3A6613EBB}.Release|x64.Build.0 = Release|Any CPU
		{E0510F5A-FB66-4922-9FDC-58A3A6613EBB}.Release|x86.ActiveCfg = Release|Any CPU
		{E0510F5A-FB66-4922-9FDC-58A3A6613EBB}.Release|x86.Build.0 = Release|Any CPU
		{3DD24E82-8A26-4148-9C4F-345813159065}.Debug|Any CPU.ActiveCfg = Debug|Any CPU
		{3DD24E82-8A26-4148-9C4F-345813159065}.Debug|Any CPU.Build.0 = Debug|Any CPU
		{3DD24E82-8A26-4148-9C4F-345813159065}.Debug|x64.ActiveCfg = Debug|Any CPU
		{3DD24E82-8A26-4148-9C4F-345813159065}.Debug|x64.Build.0 = Debug|Any CPU
		{3DD24E82-8A26-4148-9C4F-345813159065}.Debug|x86.ActiveCfg = Debug|Any CPU
		{3DD24E82-8A26-4148-9C4F-345813159065}.Debug|x86.Build.0 = Debug|Any CPU
		{3DD24E82-8A26-4148-9C4F-345813159065}.Release|Any CPU.ActiveCfg = Release|Any CPU
		{3DD24E82-8A26-4148-9C4F-345813159065}.Release|Any CPU.Build.0 = Release|Any CPU
		{3DD24E82-8A26-4148-9C4F-345813159065}.Release|x64.ActiveCfg = Release|Any CPU
		{3DD24E82-8A26-4148-9C4F-345813159065}.Release|x64.Build.0 = Release|Any CPU
		{3DD24E82-8A26-4148-9C4F-345813159065}.Release|x86.ActiveCfg = Release|Any CPU
		{3DD24E82-8A26-4148-9C4F-345813159065}.Release|x86.Build.0 = Release|Any CPU
		{88716440-6150-45D6-9DBE-248A6B54297A}.Debug|Any CPU.ActiveCfg = Debug|Any CPU
		{88716440-6150-45D6-9DBE-248A6B54297A}.Debug|Any CPU.Build.0 = Debug|Any CPU
		{88716440-6150-45D6-9DBE-248A6B54297A}.Debug|x64.ActiveCfg = Debug|Any CPU
		{88716440-6150-45D6-9DBE-248A6B54297A}.Debug|x64.Build.0 = Debug|Any CPU
		{88716440-6150-45D6-9DBE-248A6B54297A}.Debug|x86.ActiveCfg = Debug|Any CPU
		{88716440-6150-45D6-9DBE-248A6B54297A}.Debug|x86.Build.0 = Debug|Any CPU
		{88716440-6150-45D6-9DBE-248A6B54297A}.Release|Any CPU.ActiveCfg = Release|Any CPU
		{88716440-6150-45D6-9DBE-248A6B54297A}.Release|Any CPU.Build.0 = Release|Any CPU
		{88716440-6150-45D6-9DBE-248A6B54297A}.Release|x64.ActiveCfg = Release|Any CPU
		{88716440-6150-45D6-9DBE-248A6B54297A}.Release|x64.Build.0 = Release|Any CPU
		{88716440-6150-45D6-9DBE-248A6B54297A}.Release|x86.ActiveCfg = Release|Any CPU
		{88716440-6150-45D6-9DBE-248A6B54297A}.Release|x86.Build.0 = Release|Any CPU
		{FA5C9862-07EA-46A4-96F0-FC8BB873DD27}.Debug|Any CPU.ActiveCfg = Debug|Any CPU
		{FA5C9862-07EA-46A4-96F0-FC8BB873DD27}.Debug|Any CPU.Build.0 = Debug|Any CPU
		{FA5C9862-07EA-46A4-96F0-FC8BB873DD27}.Debug|x64.ActiveCfg = Debug|Any CPU
		{FA5C9862-07EA-46A4-96F0-FC8BB873DD27}.Debug|x64.Build.0 = Debug|Any CPU
		{FA5C9862-07EA-46A4-96F0-FC8BB873DD27}.Debug|x86.ActiveCfg = Debug|Any CPU
		{FA5C9862-07EA-46A4-96F0-FC8BB873DD27}.Debug|x86.Build.0 = Debug|Any CPU
		{FA5C9862-07EA-46A4-96F0-FC8BB873DD27}.Release|Any CPU.ActiveCfg = Release|Any CPU
		{FA5C9862-07EA-46A4-96F0-FC8BB873DD27}.Release|Any CPU.Build.0 = Release|Any CPU
		{FA5C9862-07EA-46A4-96F0-FC8BB873DD27}.Release|x64.ActiveCfg = Release|Any CPU
		{FA5C9862-07EA-46A4-96F0-FC8BB873DD27}.Release|x64.Build.0 = Release|Any CPU
		{FA5C9862-07EA-46A4-96F0-FC8BB873DD27}.Release|x86.ActiveCfg = Release|Any CPU
		{FA5C9862-07EA-46A4-96F0-FC8BB873DD27}.Release|x86.Build.0 = Release|Any CPU
		{DF05F181-1F65-415A-A1E0-FD06C7D61B9D}.Debug|Any CPU.ActiveCfg = Debug|Any CPU
		{DF05F181-1F65-415A-A1E0-FD06C7D61B9D}.Debug|Any CPU.Build.0 = Debug|Any CPU
		{DF05F181-1F65-415A-A1E0-FD06C7D61B9D}.Debug|x64.ActiveCfg = Debug|Any CPU
		{DF05F181-1F65-415A-A1E0-FD06C7D61B9D}.Debug|x64.Build.0 = Debug|Any CPU
		{DF05F181-1F65-415A-A1E0-FD06C7D61B9D}.Debug|x86.ActiveCfg = Debug|Any CPU
		{DF05F181-1F65-415A-A1E0-FD06C7D61B9D}.Debug|x86.Build.0 = Debug|Any CPU
		{DF05F181-1F65-415A-A1E0-FD06C7D61B9D}.Release|Any CPU.ActiveCfg = Release|Any CPU
		{DF05F181-1F65-415A-A1E0-FD06C7D61B9D}.Release|Any CPU.Build.0 = Release|Any CPU
		{DF05F181-1F65-415A-A1E0-FD06C7D61B9D}.Release|x64.ActiveCfg = Release|Any CPU
		{DF05F181-1F65-415A-A1E0-FD06C7D61B9D}.Release|x64.Build.0 = Release|Any CPU
		{DF05F181-1F65-415A-A1E0-FD06C7D61B9D}.Release|x86.ActiveCfg = Release|Any CPU
		{DF05F181-1F65-415A-A1E0-FD06C7D61B9D}.Release|x86.Build.0 = Release|Any CPU
		{4C9CDD4E-D055-48BB-AA5C-4C7703844446}.Debug|Any CPU.ActiveCfg = Debug|Any CPU
		{4C9CDD4E-D055-48BB-AA5C-4C7703844446}.Debug|Any CPU.Build.0 = Debug|Any CPU
		{4C9CDD4E-D055-48BB-AA5C-4C7703844446}.Debug|x64.ActiveCfg = Debug|Any CPU
		{4C9CDD4E-D055-48BB-AA5C-4C7703844446}.Debug|x64.Build.0 = Debug|Any CPU
		{4C9CDD4E-D055-48BB-AA5C-4C7703844446}.Debug|x86.ActiveCfg = Debug|Any CPU
		{4C9CDD4E-D055-48BB-AA5C-4C7703844446}.Debug|x86.Build.0 = Debug|Any CPU
		{4C9CDD4E-D055-48BB-AA5C-4C7703844446}.Release|Any CPU.ActiveCfg = Release|Any CPU
		{4C9CDD4E-D055-48BB-AA5C-4C7703844446}.Release|Any CPU.Build.0 = Release|Any CPU
		{4C9CDD4E-D055-48BB-AA5C-4C7703844446}.Release|x64.ActiveCfg = Release|Any CPU
		{4C9CDD4E-D055-48BB-AA5C-4C7703844446}.Release|x64.Build.0 = Release|Any CPU
		{4C9CDD4E-D055-48BB-AA5C-4C7703844446}.Release|x86.ActiveCfg = Release|Any CPU
		{4C9CDD4E-D055-48BB-AA5C-4C7703844446}.Release|x86.Build.0 = Release|Any CPU
		{376C40FF-CA8F-4C8E-9926-76128ABC10DB}.Debug|Any CPU.ActiveCfg = Debug|Any CPU
		{376C40FF-CA8F-4C8E-9926-76128ABC10DB}.Debug|Any CPU.Build.0 = Debug|Any CPU
		{376C40FF-CA8F-4C8E-9926-76128ABC10DB}.Debug|x64.ActiveCfg = Debug|Any CPU
		{376C40FF-CA8F-4C8E-9926-76128ABC10DB}.Debug|x64.Build.0 = Debug|Any CPU
		{376C40FF-CA8F-4C8E-9926-76128ABC10DB}.Debug|x86.ActiveCfg = Debug|Any CPU
		{376C40FF-CA8F-4C8E-9926-76128ABC10DB}.Debug|x86.Build.0 = Debug|Any CPU
		{376C40FF-CA8F-4C8E-9926-76128ABC10DB}.Release|Any CPU.ActiveCfg = Release|Any CPU
		{376C40FF-CA8F-4C8E-9926-76128ABC10DB}.Release|Any CPU.Build.0 = Release|Any CPU
		{376C40FF-CA8F-4C8E-9926-76128ABC10DB}.Release|x64.ActiveCfg = Release|Any CPU
		{376C40FF-CA8F-4C8E-9926-76128ABC10DB}.Release|x64.Build.0 = Release|Any CPU
		{376C40FF-CA8F-4C8E-9926-76128ABC10DB}.Release|x86.ActiveCfg = Release|Any CPU
		{376C40FF-CA8F-4C8E-9926-76128ABC10DB}.Release|x86.Build.0 = Release|Any CPU
		{CB9CED38-0C49-4553-BB9C-AA890C43036E}.Debug|Any CPU.ActiveCfg = Debug|Any CPU
		{CB9CED38-0C49-4553-BB9C-AA890C43036E}.Debug|Any CPU.Build.0 = Debug|Any CPU
		{CB9CED38-0C49-4553-BB9C-AA890C43036E}.Debug|x64.ActiveCfg = Debug|Any CPU
		{CB9CED38-0C49-4553-BB9C-AA890C43036E}.Debug|x64.Build.0 = Debug|Any CPU
		{CB9CED38-0C49-4553-BB9C-AA890C43036E}.Debug|x86.ActiveCfg = Debug|Any CPU
		{CB9CED38-0C49-4553-BB9C-AA890C43036E}.Debug|x86.Build.0 = Debug|Any CPU
		{CB9CED38-0C49-4553-BB9C-AA890C43036E}.Release|Any CPU.ActiveCfg = Release|Any CPU
		{CB9CED38-0C49-4553-BB9C-AA890C43036E}.Release|Any CPU.Build.0 = Release|Any CPU
		{CB9CED38-0C49-4553-BB9C-AA890C43036E}.Release|x64.ActiveCfg = Release|Any CPU
		{CB9CED38-0C49-4553-BB9C-AA890C43036E}.Release|x64.Build.0 = Release|Any CPU
		{CB9CED38-0C49-4553-BB9C-AA890C43036E}.Release|x86.ActiveCfg = Release|Any CPU
		{CB9CED38-0C49-4553-BB9C-AA890C43036E}.Release|x86.Build.0 = Release|Any CPU
		{C3DB2A41-91E8-434B-B958-67A30F34786E}.Debug|Any CPU.ActiveCfg = Debug|Any CPU
		{C3DB2A41-91E8-434B-B958-67A30F34786E}.Debug|Any CPU.Build.0 = Debug|Any CPU
		{C3DB2A41-91E8-434B-B958-67A30F34786E}.Debug|x64.ActiveCfg = Debug|Any CPU
		{C3DB2A41-91E8-434B-B958-67A30F34786E}.Debug|x64.Build.0 = Debug|Any CPU
		{C3DB2A41-91E8-434B-B958-67A30F34786E}.Debug|x86.ActiveCfg = Debug|Any CPU
		{C3DB2A41-91E8-434B-B958-67A30F34786E}.Debug|x86.Build.0 = Debug|Any CPU
		{C3DB2A41-91E8-434B-B958-67A30F34786E}.Release|Any CPU.ActiveCfg = Release|Any CPU
		{C3DB2A41-91E8-434B-B958-67A30F34786E}.Release|Any CPU.Build.0 = Release|Any CPU
		{C3DB2A41-91E8-434B-B958-67A30F34786E}.Release|x64.ActiveCfg = Release|Any CPU
		{C3DB2A41-91E8-434B-B958-67A30F34786E}.Release|x64.Build.0 = Release|Any CPU
		{C3DB2A41-91E8-434B-B958-67A30F34786E}.Release|x86.ActiveCfg = Release|Any CPU
		{C3DB2A41-91E8-434B-B958-67A30F34786E}.Release|x86.Build.0 = Release|Any CPU
		{8D04825E-2DDE-453D-9CB9-FD1380A779FA}.Debug|Any CPU.ActiveCfg = Debug|Any CPU
		{8D04825E-2DDE-453D-9CB9-FD1380A779FA}.Debug|Any CPU.Build.0 = Debug|Any CPU
		{8D04825E-2DDE-453D-9CB9-FD1380A779FA}.Debug|x64.ActiveCfg = Debug|Any CPU
		{8D04825E-2DDE-453D-9CB9-FD1380A779FA}.Debug|x64.Build.0 = Debug|Any CPU
		{8D04825E-2DDE-453D-9CB9-FD1380A779FA}.Debug|x86.ActiveCfg = Debug|Any CPU
		{8D04825E-2DDE-453D-9CB9-FD1380A779FA}.Debug|x86.Build.0 = Debug|Any CPU
		{8D04825E-2DDE-453D-9CB9-FD1380A779FA}.Release|Any CPU.ActiveCfg = Release|Any CPU
		{8D04825E-2DDE-453D-9CB9-FD1380A779FA}.Release|Any CPU.Build.0 = Release|Any CPU
		{8D04825E-2DDE-453D-9CB9-FD1380A779FA}.Release|x64.ActiveCfg = Release|Any CPU
		{8D04825E-2DDE-453D-9CB9-FD1380A779FA}.Release|x64.Build.0 = Release|Any CPU
		{8D04825E-2DDE-453D-9CB9-FD1380A779FA}.Release|x86.ActiveCfg = Release|Any CPU
		{8D04825E-2DDE-453D-9CB9-FD1380A779FA}.Release|x86.Build.0 = Release|Any CPU
		{6226B913-7134-42D9-AD59-F15A4718922F}.Debug|Any CPU.ActiveCfg = Debug|Any CPU
		{6226B913-7134-42D9-AD59-F15A4718922F}.Debug|Any CPU.Build.0 = Debug|Any CPU
		{6226B913-7134-42D9-AD59-F15A4718922F}.Debug|x64.ActiveCfg = Debug|Any CPU
		{6226B913-7134-42D9-AD59-F15A4718922F}.Debug|x64.Build.0 = Debug|Any CPU
		{6226B913-7134-42D9-AD59-F15A4718922F}.Debug|x86.ActiveCfg = Debug|Any CPU
		{6226B913-7134-42D9-AD59-F15A4718922F}.Debug|x86.Build.0 = Debug|Any CPU
		{6226B913-7134-42D9-AD59-F15A4718922F}.Release|Any CPU.ActiveCfg = Release|Any CPU
		{6226B913-7134-42D9-AD59-F15A4718922F}.Release|Any CPU.Build.0 = Release|Any CPU
		{6226B913-7134-42D9-AD59-F15A4718922F}.Release|x64.ActiveCfg = Release|Any CPU
		{6226B913-7134-42D9-AD59-F15A4718922F}.Release|x64.Build.0 = Release|Any CPU
		{6226B913-7134-42D9-AD59-F15A4718922F}.Release|x86.ActiveCfg = Release|Any CPU
		{6226B913-7134-42D9-AD59-F15A4718922F}.Release|x86.Build.0 = Release|Any CPU
		{D07CD0D5-2FFE-49FF-B773-3E61522C38D8}.Debug|Any CPU.ActiveCfg = Debug|Any CPU
		{D07CD0D5-2FFE-49FF-B773-3E61522C38D8}.Debug|Any CPU.Build.0 = Debug|Any CPU
		{D07CD0D5-2FFE-49FF-B773-3E61522C38D8}.Debug|x64.ActiveCfg = Debug|Any CPU
		{D07CD0D5-2FFE-49FF-B773-3E61522C38D8}.Debug|x64.Build.0 = Debug|Any CPU
		{D07CD0D5-2FFE-49FF-B773-3E61522C38D8}.Debug|x86.ActiveCfg = Debug|Any CPU
		{D07CD0D5-2FFE-49FF-B773-3E61522C38D8}.Debug|x86.Build.0 = Debug|Any CPU
		{D07CD0D5-2FFE-49FF-B773-3E61522C38D8}.Release|Any CPU.ActiveCfg = Release|Any CPU
		{D07CD0D5-2FFE-49FF-B773-3E61522C38D8}.Release|Any CPU.Build.0 = Release|Any CPU
		{D07CD0D5-2FFE-49FF-B773-3E61522C38D8}.Release|x64.ActiveCfg = Release|Any CPU
		{D07CD0D5-2FFE-49FF-B773-3E61522C38D8}.Release|x64.Build.0 = Release|Any CPU
		{D07CD0D5-2FFE-49FF-B773-3E61522C38D8}.Release|x86.ActiveCfg = Release|Any CPU
		{D07CD0D5-2FFE-49FF-B773-3E61522C38D8}.Release|x86.Build.0 = Release|Any CPU
		{2CCEC8C1-154D-4460-9296-33ECE11F09C8}.Debug|Any CPU.ActiveCfg = Debug|Any CPU
		{2CCEC8C1-154D-4460-9296-33ECE11F09C8}.Debug|Any CPU.Build.0 = Debug|Any CPU
		{2CCEC8C1-154D-4460-9296-33ECE11F09C8}.Debug|x64.ActiveCfg = Debug|Any CPU
		{2CCEC8C1-154D-4460-9296-33ECE11F09C8}.Debug|x64.Build.0 = Debug|Any CPU
		{2CCEC8C1-154D-4460-9296-33ECE11F09C8}.Debug|x86.ActiveCfg = Debug|Any CPU
		{2CCEC8C1-154D-4460-9296-33ECE11F09C8}.Debug|x86.Build.0 = Debug|Any CPU
		{2CCEC8C1-154D-4460-9296-33ECE11F09C8}.Release|Any CPU.ActiveCfg = Release|Any CPU
		{2CCEC8C1-154D-4460-9296-33ECE11F09C8}.Release|Any CPU.Build.0 = Release|Any CPU
		{2CCEC8C1-154D-4460-9296-33ECE11F09C8}.Release|x64.ActiveCfg = Release|Any CPU
		{2CCEC8C1-154D-4460-9296-33ECE11F09C8}.Release|x64.Build.0 = Release|Any CPU
		{2CCEC8C1-154D-4460-9296-33ECE11F09C8}.Release|x86.ActiveCfg = Release|Any CPU
		{2CCEC8C1-154D-4460-9296-33ECE11F09C8}.Release|x86.Build.0 = Release|Any CPU
		{6C51BFD2-4F0E-418F-A119-89AB977D0F54}.Debug|Any CPU.ActiveCfg = Debug|Any CPU
		{6C51BFD2-4F0E-418F-A119-89AB977D0F54}.Debug|Any CPU.Build.0 = Debug|Any CPU
		{6C51BFD2-4F0E-418F-A119-89AB977D0F54}.Debug|x64.ActiveCfg = Debug|Any CPU
		{6C51BFD2-4F0E-418F-A119-89AB977D0F54}.Debug|x64.Build.0 = Debug|Any CPU
		{6C51BFD2-4F0E-418F-A119-89AB977D0F54}.Debug|x86.ActiveCfg = Debug|Any CPU
		{6C51BFD2-4F0E-418F-A119-89AB977D0F54}.Debug|x86.Build.0 = Debug|Any CPU
		{6C51BFD2-4F0E-418F-A119-89AB977D0F54}.Release|Any CPU.ActiveCfg = Release|Any CPU
		{6C51BFD2-4F0E-418F-A119-89AB977D0F54}.Release|Any CPU.Build.0 = Release|Any CPU
		{6C51BFD2-4F0E-418F-A119-89AB977D0F54}.Release|x64.ActiveCfg = Release|Any CPU
		{6C51BFD2-4F0E-418F-A119-89AB977D0F54}.Release|x64.Build.0 = Release|Any CPU
		{6C51BFD2-4F0E-418F-A119-89AB977D0F54}.Release|x86.ActiveCfg = Release|Any CPU
		{6C51BFD2-4F0E-418F-A119-89AB977D0F54}.Release|x86.Build.0 = Release|Any CPU
		{EDD21376-B17D-45D1-9D59-B38F2B61A8C5}.Debug|Any CPU.ActiveCfg = Debug|Any CPU
		{EDD21376-B17D-45D1-9D59-B38F2B61A8C5}.Debug|Any CPU.Build.0 = Debug|Any CPU
		{EDD21376-B17D-45D1-9D59-B38F2B61A8C5}.Debug|x64.ActiveCfg = Debug|Any CPU
		{EDD21376-B17D-45D1-9D59-B38F2B61A8C5}.Debug|x64.Build.0 = Debug|Any CPU
		{EDD21376-B17D-45D1-9D59-B38F2B61A8C5}.Debug|x86.ActiveCfg = Debug|Any CPU
		{EDD21376-B17D-45D1-9D59-B38F2B61A8C5}.Debug|x86.Build.0 = Debug|Any CPU
		{EDD21376-B17D-45D1-9D59-B38F2B61A8C5}.Release|Any CPU.ActiveCfg = Release|Any CPU
		{EDD21376-B17D-45D1-9D59-B38F2B61A8C5}.Release|Any CPU.Build.0 = Release|Any CPU
		{EDD21376-B17D-45D1-9D59-B38F2B61A8C5}.Release|x64.ActiveCfg = Release|Any CPU
		{EDD21376-B17D-45D1-9D59-B38F2B61A8C5}.Release|x64.Build.0 = Release|Any CPU
		{EDD21376-B17D-45D1-9D59-B38F2B61A8C5}.Release|x86.ActiveCfg = Release|Any CPU
		{EDD21376-B17D-45D1-9D59-B38F2B61A8C5}.Release|x86.Build.0 = Release|Any CPU
		{3752E53C-F67C-45A7-9235-B836A4B7E8E8}.Debug|Any CPU.ActiveCfg = Debug|Any CPU
		{3752E53C-F67C-45A7-9235-B836A4B7E8E8}.Debug|Any CPU.Build.0 = Debug|Any CPU
		{3752E53C-F67C-45A7-9235-B836A4B7E8E8}.Debug|x64.ActiveCfg = Debug|Any CPU
		{3752E53C-F67C-45A7-9235-B836A4B7E8E8}.Debug|x64.Build.0 = Debug|Any CPU
		{3752E53C-F67C-45A7-9235-B836A4B7E8E8}.Debug|x86.ActiveCfg = Debug|Any CPU
		{3752E53C-F67C-45A7-9235-B836A4B7E8E8}.Debug|x86.Build.0 = Debug|Any CPU
		{3752E53C-F67C-45A7-9235-B836A4B7E8E8}.Release|Any CPU.ActiveCfg = Release|Any CPU
		{3752E53C-F67C-45A7-9235-B836A4B7E8E8}.Release|Any CPU.Build.0 = Release|Any CPU
		{3752E53C-F67C-45A7-9235-B836A4B7E8E8}.Release|x64.ActiveCfg = Release|Any CPU
		{3752E53C-F67C-45A7-9235-B836A4B7E8E8}.Release|x64.Build.0 = Release|Any CPU
		{3752E53C-F67C-45A7-9235-B836A4B7E8E8}.Release|x86.ActiveCfg = Release|Any CPU
		{3752E53C-F67C-45A7-9235-B836A4B7E8E8}.Release|x86.Build.0 = Release|Any CPU
		{18474635-489C-450F-B6F3-350A5E098AFE}.Debug|Any CPU.ActiveCfg = Debug|Any CPU
		{18474635-489C-450F-B6F3-350A5E098AFE}.Debug|Any CPU.Build.0 = Debug|Any CPU
		{18474635-489C-450F-B6F3-350A5E098AFE}.Debug|x64.ActiveCfg = Debug|Any CPU
		{18474635-489C-450F-B6F3-350A5E098AFE}.Debug|x64.Build.0 = Debug|Any CPU
		{18474635-489C-450F-B6F3-350A5E098AFE}.Debug|x86.ActiveCfg = Debug|Any CPU
		{18474635-489C-450F-B6F3-350A5E098AFE}.Debug|x86.Build.0 = Debug|Any CPU
		{18474635-489C-450F-B6F3-350A5E098AFE}.Release|Any CPU.ActiveCfg = Release|Any CPU
		{18474635-489C-450F-B6F3-350A5E098AFE}.Release|Any CPU.Build.0 = Release|Any CPU
		{18474635-489C-450F-B6F3-350A5E098AFE}.Release|x64.ActiveCfg = Release|Any CPU
		{18474635-489C-450F-B6F3-350A5E098AFE}.Release|x64.Build.0 = Release|Any CPU
		{18474635-489C-450F-B6F3-350A5E098AFE}.Release|x86.ActiveCfg = Release|Any CPU
		{18474635-489C-450F-B6F3-350A5E098AFE}.Release|x86.Build.0 = Release|Any CPU
		{086AECD6-105F-4E5C-99D3-7197F4F07D40}.Debug|Any CPU.ActiveCfg = Debug|Any CPU
		{086AECD6-105F-4E5C-99D3-7197F4F07D40}.Debug|Any CPU.Build.0 = Debug|Any CPU
		{086AECD6-105F-4E5C-99D3-7197F4F07D40}.Debug|x64.ActiveCfg = Debug|Any CPU
		{086AECD6-105F-4E5C-99D3-7197F4F07D40}.Debug|x64.Build.0 = Debug|Any CPU
		{086AECD6-105F-4E5C-99D3-7197F4F07D40}.Debug|x86.ActiveCfg = Debug|Any CPU
		{086AECD6-105F-4E5C-99D3-7197F4F07D40}.Debug|x86.Build.0 = Debug|Any CPU
		{086AECD6-105F-4E5C-99D3-7197F4F07D40}.Release|Any CPU.ActiveCfg = Release|Any CPU
		{086AECD6-105F-4E5C-99D3-7197F4F07D40}.Release|Any CPU.Build.0 = Release|Any CPU
		{086AECD6-105F-4E5C-99D3-7197F4F07D40}.Release|x64.ActiveCfg = Release|Any CPU
		{086AECD6-105F-4E5C-99D3-7197F4F07D40}.Release|x64.Build.0 = Release|Any CPU
		{086AECD6-105F-4E5C-99D3-7197F4F07D40}.Release|x86.ActiveCfg = Release|Any CPU
		{086AECD6-105F-4E5C-99D3-7197F4F07D40}.Release|x86.Build.0 = Release|Any CPU
		{F218DDD5-CEC0-4350-973F-B291C0A9CC96}.Debug|Any CPU.ActiveCfg = Debug|Any CPU
		{F218DDD5-CEC0-4350-973F-B291C0A9CC96}.Debug|Any CPU.Build.0 = Debug|Any CPU
		{F218DDD5-CEC0-4350-973F-B291C0A9CC96}.Debug|x64.ActiveCfg = Debug|Any CPU
		{F218DDD5-CEC0-4350-973F-B291C0A9CC96}.Debug|x64.Build.0 = Debug|Any CPU
		{F218DDD5-CEC0-4350-973F-B291C0A9CC96}.Debug|x86.ActiveCfg = Debug|Any CPU
		{F218DDD5-CEC0-4350-973F-B291C0A9CC96}.Debug|x86.Build.0 = Debug|Any CPU
		{F218DDD5-CEC0-4350-973F-B291C0A9CC96}.Release|Any CPU.ActiveCfg = Release|Any CPU
		{F218DDD5-CEC0-4350-973F-B291C0A9CC96}.Release|Any CPU.Build.0 = Release|Any CPU
		{F218DDD5-CEC0-4350-973F-B291C0A9CC96}.Release|x64.ActiveCfg = Release|Any CPU
		{F218DDD5-CEC0-4350-973F-B291C0A9CC96}.Release|x64.Build.0 = Release|Any CPU
		{F218DDD5-CEC0-4350-973F-B291C0A9CC96}.Release|x86.ActiveCfg = Release|Any CPU
		{F218DDD5-CEC0-4350-973F-B291C0A9CC96}.Release|x86.Build.0 = Release|Any CPU
		{8AAAF6DB-ACD0-4394-B351-A6628815131E}.Debug|Any CPU.ActiveCfg = Debug|Any CPU
		{8AAAF6DB-ACD0-4394-B351-A6628815131E}.Debug|Any CPU.Build.0 = Debug|Any CPU
		{8AAAF6DB-ACD0-4394-B351-A6628815131E}.Debug|x64.ActiveCfg = Debug|Any CPU
		{8AAAF6DB-ACD0-4394-B351-A6628815131E}.Debug|x64.Build.0 = Debug|Any CPU
		{8AAAF6DB-ACD0-4394-B351-A6628815131E}.Debug|x86.ActiveCfg = Debug|Any CPU
		{8AAAF6DB-ACD0-4394-B351-A6628815131E}.Debug|x86.Build.0 = Debug|Any CPU
		{8AAAF6DB-ACD0-4394-B351-A6628815131E}.Release|Any CPU.ActiveCfg = Release|Any CPU
		{8AAAF6DB-ACD0-4394-B351-A6628815131E}.Release|Any CPU.Build.0 = Release|Any CPU
		{8AAAF6DB-ACD0-4394-B351-A6628815131E}.Release|x64.ActiveCfg = Release|Any CPU
		{8AAAF6DB-ACD0-4394-B351-A6628815131E}.Release|x64.Build.0 = Release|Any CPU
		{8AAAF6DB-ACD0-4394-B351-A6628815131E}.Release|x86.ActiveCfg = Release|Any CPU
		{8AAAF6DB-ACD0-4394-B351-A6628815131E}.Release|x86.Build.0 = Release|Any CPU
		{48BC7D2B-DE11-49ED-AF28-DD9B9C19709F}.Debug|Any CPU.ActiveCfg = Debug|Any CPU
		{48BC7D2B-DE11-49ED-AF28-DD9B9C19709F}.Debug|Any CPU.Build.0 = Debug|Any CPU
		{48BC7D2B-DE11-49ED-AF28-DD9B9C19709F}.Debug|x64.ActiveCfg = Debug|Any CPU
		{48BC7D2B-DE11-49ED-AF28-DD9B9C19709F}.Debug|x64.Build.0 = Debug|Any CPU
		{48BC7D2B-DE11-49ED-AF28-DD9B9C19709F}.Debug|x86.ActiveCfg = Debug|Any CPU
		{48BC7D2B-DE11-49ED-AF28-DD9B9C19709F}.Debug|x86.Build.0 = Debug|Any CPU
		{48BC7D2B-DE11-49ED-AF28-DD9B9C19709F}.Release|Any CPU.ActiveCfg = Release|Any CPU
		{48BC7D2B-DE11-49ED-AF28-DD9B9C19709F}.Release|Any CPU.Build.0 = Release|Any CPU
		{48BC7D2B-DE11-49ED-AF28-DD9B9C19709F}.Release|x64.ActiveCfg = Release|Any CPU
		{48BC7D2B-DE11-49ED-AF28-DD9B9C19709F}.Release|x64.Build.0 = Release|Any CPU
		{48BC7D2B-DE11-49ED-AF28-DD9B9C19709F}.Release|x86.ActiveCfg = Release|Any CPU
		{48BC7D2B-DE11-49ED-AF28-DD9B9C19709F}.Release|x86.Build.0 = Release|Any CPU
		{A0118A73-9363-42C4-B727-D3E0457BB262}.Debug|Any CPU.ActiveCfg = Debug|Any CPU
		{A0118A73-9363-42C4-B727-D3E0457BB262}.Debug|Any CPU.Build.0 = Debug|Any CPU
		{A0118A73-9363-42C4-B727-D3E0457BB262}.Debug|x64.ActiveCfg = Debug|Any CPU
		{A0118A73-9363-42C4-B727-D3E0457BB262}.Debug|x64.Build.0 = Debug|Any CPU
		{A0118A73-9363-42C4-B727-D3E0457BB262}.Debug|x86.ActiveCfg = Debug|Any CPU
		{A0118A73-9363-42C4-B727-D3E0457BB262}.Debug|x86.Build.0 = Debug|Any CPU
		{A0118A73-9363-42C4-B727-D3E0457BB262}.Release|Any CPU.ActiveCfg = Release|Any CPU
		{A0118A73-9363-42C4-B727-D3E0457BB262}.Release|Any CPU.Build.0 = Release|Any CPU
		{A0118A73-9363-42C4-B727-D3E0457BB262}.Release|x64.ActiveCfg = Release|Any CPU
		{A0118A73-9363-42C4-B727-D3E0457BB262}.Release|x64.Build.0 = Release|Any CPU
		{A0118A73-9363-42C4-B727-D3E0457BB262}.Release|x86.ActiveCfg = Release|Any CPU
		{A0118A73-9363-42C4-B727-D3E0457BB262}.Release|x86.Build.0 = Release|Any CPU
		{521B750D-7463-4104-9B2A-80B404E5D4C9}.Debug|Any CPU.ActiveCfg = Debug|Any CPU
		{521B750D-7463-4104-9B2A-80B404E5D4C9}.Debug|Any CPU.Build.0 = Debug|Any CPU
		{521B750D-7463-4104-9B2A-80B404E5D4C9}.Debug|x64.ActiveCfg = Debug|Any CPU
		{521B750D-7463-4104-9B2A-80B404E5D4C9}.Debug|x64.Build.0 = Debug|Any CPU
		{521B750D-7463-4104-9B2A-80B404E5D4C9}.Debug|x86.ActiveCfg = Debug|Any CPU
		{521B750D-7463-4104-9B2A-80B404E5D4C9}.Debug|x86.Build.0 = Debug|Any CPU
		{521B750D-7463-4104-9B2A-80B404E5D4C9}.Release|Any CPU.ActiveCfg = Release|Any CPU
		{521B750D-7463-4104-9B2A-80B404E5D4C9}.Release|Any CPU.Build.0 = Release|Any CPU
		{521B750D-7463-4104-9B2A-80B404E5D4C9}.Release|x64.ActiveCfg = Release|Any CPU
		{521B750D-7463-4104-9B2A-80B404E5D4C9}.Release|x64.Build.0 = Release|Any CPU
		{521B750D-7463-4104-9B2A-80B404E5D4C9}.Release|x86.ActiveCfg = Release|Any CPU
		{521B750D-7463-4104-9B2A-80B404E5D4C9}.Release|x86.Build.0 = Release|Any CPU
	EndGlobalSection
	GlobalSection(SolutionProperties) = preSolution
		HideSolutionNode = FALSE
	EndGlobalSection
	GlobalSection(NestedProjects) = preSolution
		{75C8A8AC-7A81-46AE-AF4C-706BDC7AB6D6} = {8D5F60A8-566A-4068-8B83-1BA48F66E60B}
	EndGlobalSection
	GlobalSection(ExtensibilityGlobals) = postSolution
		SolutionGuid = {51CB0E2B-8005-4839-8808-C1CA8C9C2BA7}
	EndGlobalSection
EndGlobal
